
Microsoft Visual Studio Solution File, Format Version 12.00
# Visual Studio 15
Project("{FAE04EC0-301F-11D3-BF4B-00C04F79EFBC}") = "Assembly-CSharp", "Assembly-CSharp.csproj", "{109B0839-9CFF-23F4-DD3B-1FB2F98B59BE}"
EndProject
Global
	GlobalSection(SolutionConfigurationPlatforms) = preSolution
		Debug|Any CPU = Debug|Any CPU
		Release|Any CPU = Release|Any CPU
	EndGlobalSection
	GlobalSection(ProjectConfigurationPlatforms) = postSolution
		{109B0839-9CFF-23F4-DD3B-1FB2F98B59BE}.Debug|Any CPU.ActiveCfg = Debug|Any CPU
		{109B0839-9CFF-23F4-DD3B-1FB2F98B59BE}.Debug|Any CPU.Build.0 = Debug|Any CPU
		{109B0839-9CFF-23F4-DD3B-1FB2F98B59BE}.Release|Any CPU.ActiveCfg = Release|Any CPU
		{109B0839-9CFF-23F4-DD3B-1FB2F98B59BE}.Release|Any CPU.Build.0 = Release|Any CPU
	EndGlobalSection
	GlobalSection(SolutionProperties) = preSolution
		HideSolutionNode = FALSE
	EndGlobalSection
EndGlobal
